{
  "nodes": {
    "metarepo": {
      "inputs": {
        "nixpkgs": [
          "nixpkgs"
        ]
      },
      "locked": {
        "lastModified": 1791579757,
        "narHash": "sha256-3csk2Y7QQt2RYz8S7Cn4gl6fzn7ZhE6L9EiH+ljDBIM=",
        "owner": "alturalabscr",
        "repo": "metarepo",
        "rev": "f6416cab6d182381d6c9e9e323682e996a0355f2",
        "type": "github"
      },
      "original": {
        "owner": "alturalabscr",
        "repo": "metarepo",
        "type": "github"
      }
    },
    "nixpkgs": {
      "locked": {
        "lastModified": 1791456040,
        "narHash": "sha256-H83yz/do+hjOO0uujHyH8RgtIQP2v7Mw+cLwcZK/xKc=",
        "owner": "NixOS",
        "repo": "nixpkgs",
        "rev": "e7439b6b14ad3cc35d05608ebca9bce01a25f5f8",
        "type": "github"
      },
      "original": {
        "owner": "NixOS",
        "ref": "nixos-unstable",
        "repo": "nixpkgs",
        "type": "github"
      }
    },
    "root": {
      "inputs": {
        "metarepo": "metarepo",
        "nixpkgs": "nixpkgs"
      }
    }
  },
  "root": "root",
  "version": 7
}
