{
  "nodes": {
    "metarepo": {
      "inputs": {
        "nixpkgs": [
          "nixpkgs"
        ]
      },
      "locked": {
        "lastModified": 1791599558,
        "narHash": "sha256-aJT2M6u/l54g5RiRsd5whSDE8Vb0YF65TwH3EDr39/8=",
        "owner": "alturalabscr",
        "repo": "metarepo",
        "rev": "e6f966e2883d49be842f84de56bb8e67066128e5",
        "type": "github"
      },
      "original": {
        "owner": "alturalabscr",
        "repo": "metarepo",
        "type": "github"
      }
    },
    "nixpkgs": {
      "locked": {
        "lastModified": 1791456040,
        "narHash": "sha256-H83yz/do+hjOO0uujHyH8RgtIQP2v7Mw+cLwcZK/xKc=",
        "owner": "NixOS",
        "repo": "nixpkgs",
        "rev": "e7439b6b14ad3cc35d05608ebca9bce01a25f5f8",
        "type": "github"
      },
      "original": {
        "owner": "NixOS",
        "ref": "nixos-unstable",
        "repo": "nixpkgs",
        "type": "github"
      }
    },
    "root": {
      "inputs": {
        "metarepo": "metarepo",
        "nixpkgs": "nixpkgs"
      }
    }
  },
  "root": "root",
  "version": 7
}
