{
  "nodes": {
    "metarepo": {
      "inputs": {
        "nixpkgs": [
          "nixpkgs"
        ]
      },
      "locked": {
        "lastModified": 1791527633,
        "narHash": "sha256-wkvse4zqwo1hU0/am+tT11CCEh6+xQDF/ApCaN9kL6Q=",
        "owner": "alturalabscr",
        "repo": "metarepo",
        "rev": "c58069ed0d66dbbb8c0f4a0ebde5e501573555a9",
        "type": "github"
      },
      "original": {
        "owner": "alturalabscr",
        "repo": "metarepo",
        "type": "github"
      }
    },
    "nixpkgs": {
      "locked": {
        "lastModified": 1791456040,
        "narHash": "sha256-H83yz/do+hjOO0uujHyH8RgtIQP2v7Mw+cLwcZK/xKc=",
        "owner": "NixOS",
        "repo": "nixpkgs",
        "rev": "e7439b6b14ad3cc35d05608ebca9bce01a25f5f8",
        "type": "github"
      },
      "original": {
        "owner": "NixOS",
        "ref": "nixos-unstable",
        "repo": "nixpkgs",
        "type": "github"
      }
    },
    "root": {
      "inputs": {
        "metarepo": "metarepo",
        "nixpkgs": "nixpkgs"
      }
    }
  },
  "root": "root",
  "version": 7
}
